{
  "name": "msbd",
  "lockfileVersion": 2,
  "requires": true,
  "packages": {
    "": {
      "dependencies": {
        "@pusher/push-notifications-web": "^1.1.0"
      }
    },
    "node_modules/@pusher/push-notifications-web": {
      "version": "1.1.0",
      "resolved": "https://registry.npmjs.org/@pusher/push-notifications-web/-/push-notifications-web-1.1.0.tgz",
      "integrity": "sha512-qR9RZNpH9E54GEpn9uqag9VbLG3kk13DPtf0v4ScsbIZhLFrc1vVWoylzh9zPKiJx3LLwnSxZQA/DkF13OBYXw=="
    }
  },
  "dependencies": {
    "@pusher/push-notifications-web": {
      "version": "1.1.0",
      "resolved": "https://registry.npmjs.org/@pusher/push-notifications-web/-/push-notifications-web-1.1.0.tgz",
      "integrity": "sha512-qR9RZNpH9E54GEpn9uqag9VbLG3kk13DPtf0v4ScsbIZhLFrc1vVWoylzh9zPKiJx3LLwnSxZQA/DkF13OBYXw=="
    }
  }
}
